
Microsoft Visual Studio Solution File, Format Version 12.00
Project("{FAE04EC0-301F-11D3-BF4B-00C04F79EFBC}") = "FoodDeliveryFE", "FoodDeliveryFE\FoodDeliveryFE.csproj", "{DB6DEE1C-42B4-4C81-B7C0-2487330163B3}"
EndProject
Project("{FAE04EC0-301F-11D3-BF4B-00C04F79EFBC}") = "FoodDelivery.DAL.EntityFramework", "FoodDelivery.DAL.EntityFramework\FoodDelivery.DAL.EntityFramework.csproj", "{582C0147-ECB7-4109-A5CF-F78B450166F2}"
EndProject
Project("{FAE04EC0-301F-11D3-BF4B-00C04F79EFBC}") = "FoodDelivery.Infrastructure", "FoodDelivery.Infrastructure\FoodDelivery.Infrastructure.csproj", "{58B43947-7879-43EB-AFD6-10C17D5F567B}"
EndProject
Project("{FAE04EC0-301F-11D3-BF4B-00C04F79EFBC}") = "FoodDelivery.Infrastructure.EntityFramework", "FoodDelivery.Infrastructure.EntityFramework\FoodDelivery.Infrastructure.EntityFramework.csproj", "{C76D54D0-2BDC-4AD5-AE5F-ADC2FA4574CA}"
EndProject
Global
	GlobalSection(SolutionConfigurationPlatforms) = preSolution
		Debug|Any CPU = Debug|Any CPU
		Release|Any CPU = Release|Any CPU
	EndGlobalSection
	GlobalSection(ProjectConfigurationPlatforms) = postSolution
		{DB6DEE1C-42B4-4C81-B7C0-2487330163B3}.Debug|Any CPU.ActiveCfg = Debug|Any CPU
		{DB6DEE1C-42B4-4C81-B7C0-2487330163B3}.Debug|Any CPU.Build.0 = Debug|Any CPU
		{DB6DEE1C-42B4-4C81-B7C0-2487330163B3}.Release|Any CPU.ActiveCfg = Release|Any CPU
		{DB6DEE1C-42B4-4C81-B7C0-2487330163B3}.Release|Any CPU.Build.0 = Release|Any CPU
		{582C0147-ECB7-4109-A5CF-F78B450166F2}.Debug|Any CPU.ActiveCfg = Debug|Any CPU
		{582C0147-ECB7-4109-A5CF-F78B450166F2}.Debug|Any CPU.Build.0 = Debug|Any CPU
		{582C0147-ECB7-4109-A5CF-F78B450166F2}.Release|Any CPU.ActiveCfg = Release|Any CPU
		{582C0147-ECB7-4109-A5CF-F78B450166F2}.Release|Any CPU.Build.0 = Release|Any CPU
		{58B43947-7879-43EB-AFD6-10C17D5F567B}.Debug|Any CPU.ActiveCfg = Debug|Any CPU
		{58B43947-7879-43EB-AFD6-10C17D5F567B}.Debug|Any CPU.Build.0 = Debug|Any CPU
		{58B43947-7879-43EB-AFD6-10C17D5F567B}.Release|Any CPU.ActiveCfg = Release|Any CPU
		{58B43947-7879-43EB-AFD6-10C17D5F567B}.Release|Any CPU.Build.0 = Release|Any CPU
		{C76D54D0-2BDC-4AD5-AE5F-ADC2FA4574CA}.Debug|Any CPU.ActiveCfg = Debug|Any CPU
		{C76D54D0-2BDC-4AD5-AE5F-ADC2FA4574CA}.Debug|Any CPU.Build.0 = Debug|Any CPU
		{C76D54D0-2BDC-4AD5-AE5F-ADC2FA4574CA}.Release|Any CPU.ActiveCfg = Release|Any CPU
		{C76D54D0-2BDC-4AD5-AE5F-ADC2FA4574CA}.Release|Any CPU.Build.0 = Release|Any CPU
	EndGlobalSection
EndGlobal
